
Microsoft Visual Studio Solution File, Format Version 12.00
# Visual Studio Version 17
VisualStudioVersion = 17.11.35222.181
MinimumVisualStudioVersion = 10.0.40219.1
Project("{FAE04EC0-301F-11D3-BF4B-00C04F79EFBC}") = "eCommerce.API", "eCommerce.API\eCommerce.API.csproj", "{027F0B3C-4338-4817-AFE4-3A42DC238FAE}"
EndProject
Project("{FAE04EC0-301F-11D3-BF4B-00C04F79EFBC}") = "eCommerce.Infrastructure", "eCommerce.Infrastructure\eCommerce.Infrastructure.csproj", "{3673ED10-ECC2-4E8A-A096-71FD7FFFA51E}"
EndProject
Project("{FAE04EC0-301F-11D3-BF4B-00C04F79EFBC}") = "eCommerce.Core", "eCommerce.Core\eCommerce.Core.csproj", "{625FD22E-205B-432B-82A1-4C4D7CC50253}"
EndProject
Global
	GlobalSection(SolutionConfigurationPlatforms) = preSolution
		Debug|Any CPU = Debug|Any CPU
		Release|Any CPU = Release|Any CPU
	EndGlobalSection
	GlobalSection(ProjectConfigurationPlatforms) = postSolution
		{027F0B3C-4338-4817-AFE4-3A42DC238FAE}.Debug|Any CPU.ActiveCfg = Debug|Any CPU
		{027F0B3C-4338-4817-AFE4-3A42DC238FAE}.Debug|Any CPU.Build.0 = Debug|Any CPU
		{027F0B3C-4338-4817-AFE4-3A42DC238FAE}.Release|Any CPU.ActiveCfg = Release|Any CPU
		{027F0B3C-4338-4817-AFE4-3A42DC238FAE}.Release|Any CPU.Build.0 = Release|Any CPU
		{3673ED10-ECC2-4E8A-A096-71FD7FFFA51E}.Debug|Any CPU.ActiveCfg = Debug|Any CPU
		{3673ED10-ECC2-4E8A-A096-71FD7FFFA51E}.Debug|Any CPU.Build.0 = Debug|Any CPU
		{3673ED10-ECC2-4E8A-A096-71FD7FFFA51E}.Release|Any CPU.ActiveCfg = Release|Any CPU
		{3673ED10-ECC2-4E8A-A096-71FD7FFFA51E}.Release|Any CPU.Build.0 = Release|Any CPU
		{625FD22E-205B-432B-82A1-4C4D7CC50253}.Debug|Any CPU.ActiveCfg = Debug|Any CPU
		{625FD22E-205B-432B-82A1-4C4D7CC50253}.Debug|Any CPU.Build.0 = Debug|Any CPU
		{625FD22E-205B-432B-82A1-4C4D7CC50253}.Release|Any CPU.ActiveCfg = Release|Any CPU
		{625FD22E-205B-432B-82A1-4C4D7CC50253}.Release|Any CPU.Build.0 = Release|Any CPU
	EndGlobalSection
	GlobalSection(SolutionProperties) = preSolution
		HideSolutionNode = FALSE
	EndGlobalSection
	GlobalSection(ExtensibilityGlobals) = postSolution
		SolutionGuid = {CE850A6D-2DE8-4594-8854-CB6C16500280}
	EndGlobalSection
EndGlobal
